<?xml version="1.0" encoding="utf-8"?>
<Project ToolsVersion="4.0" xmlns="http://schemas.microsoft.com/developer/msbuild/2003">
  <ItemGroup>
    <ClCompile Include="Game Engine.cpp" />
    <ClCompile Include="stdafx.cpp" />
    <ClCompile Include="cGeometry.cpp">
      <Filter>Components</Filter>
    </ClCompile>
    <ClCompile Include="cShader.cpp">
      <Filter>Components</Filter>
    </ClCompile>
    <ClCompile Include="cTexture.cpp">
      <Filter>Components</Filter>
    </ClCompile>
    <ClCompile Include="cTransform.cpp">
      <Filter>Components</Filter>
    </ClCompile>
    <ClCompile Include="cVelocity.cpp">
      <Filter>Components</Filter>
    </ClCompile>
    <ClCompile Include="mResource.cpp">
      <Filter>Managers</Filter>
    </ClCompile>
    <ClCompile Include="sRender.cpp">
      <Filter>Systems</Filter>
    </ClCompile>
    <ClCompile Include="oEntity.cpp">
      <Filter>Objects</Filter>
    </ClCompile>
  </ItemGroup>
  <ItemGroup>
    <ClInclude Include="stdafx.h" />
    <ClInclude Include="targetver.h" />
    <ClInclude Include="cGeometry.h">
      <Filter>Components</Filter>
    </ClInclude>
    <ClInclude Include="cShader.h">
      <Filter>Components</Filter>
    </ClInclude>
    <ClInclude Include="cTexture.h">
      <Filter>Components</Filter>
    </ClInclude>
    <ClInclude Include="cTransform.h">
      <Filter>Components</Filter>
    </ClInclude>
    <ClInclude Include="cVelocity.h">
      <Filter>Components</Filter>
    </ClInclude>
    <ClInclude Include="mResource.h">
      <Filter>Managers</Filter>
    </ClInclude>
    <ClInclude Include="IComponent.h">
      <Filter>Components</Filter>
    </ClInclude>
    <ClInclude Include="sRender.h">
      <Filter>Systems</Filter>
    </ClInclude>
    <ClInclude Include="ISystem.h">
      <Filter>Systems</Filter>
    </ClInclude>
    <ClInclude Include="oEntity.h">
      <Filter>Objects</Filter>
    </ClInclude>
  </ItemGroup>
  <ItemGroup>
    <None Include="packages.config" />
  </ItemGroup>
  <ItemGroup>
    <Text Include="ReadMe.txt" />
  </ItemGroup>
  <ItemGroup>
    <Filter Include="Components">
      <UniqueIdentifier>{96a3c663-19c7-4db6-b796-414e5a523990}</UniqueIdentifier>
    </Filter>
    <Filter Include="Systems">
      <UniqueIdentifier>{c672254e-1a0c-4393-96d3-c117de2972bb}</UniqueIdentifier>
    </Filter>
    <Filter Include="Managers">
      <UniqueIdentifier>{fb4c243f-cfcc-46ab-97aa-81351e797c2d}</UniqueIdentifier>
    </Filter>
    <Filter Include="Objects">
      <UniqueIdentifier>{a27f64d4-c223-4877-ae69-cce4ee67c8a7}</UniqueIdentifier>
    </Filter>
  </ItemGroup>
</Project>